
Microsoft Visual Studio Solution File, Format Version 12.00
# Visual Studio Version 17
VisualStudioVersion = 17.1.32319.34
MinimumVisualStudioVersion = 10.0.40219.1
Project("{FAE04EC0-301F-11D3-BF4B-00C04F79EFBC}") = "SDK_Laboratoire1", "SDK_Laboratoire1\SDK_Laboratoire1.csproj", "{F3E9DAAB-0428-49D0-8A33-2DE9028ABB45}"
EndProject
Global
	GlobalSection(SolutionConfigurationPlatforms) = preSolution
		Debug|Any CPU = Debug|Any CPU
		Release|Any CPU = Release|Any CPU
	EndGlobalSection
	GlobalSection(ProjectConfigurationPlatforms) = postSolution
		{F3E9DAAB-0428-49D0-8A33-2DE9028ABB45}.Debug|Any CPU.ActiveCfg = Debug|Any CPU
		{F3E9DAAB-0428-49D0-8A33-2DE9028ABB45}.Debug|Any CPU.Build.0 = Debug|Any CPU
		{F3E9DAAB-0428-49D0-8A33-2DE9028ABB45}.Release|Any CPU.ActiveCfg = Release|Any CPU
		{F3E9DAAB-0428-49D0-8A33-2DE9028ABB45}.Release|Any CPU.Build.0 = Release|Any CPU
	EndGlobalSection
	GlobalSection(SolutionProperties) = preSolution
		HideSolutionNode = FALSE
	EndGlobalSection
	GlobalSection(ExtensibilityGlobals) = postSolution
		SolutionGuid = {D48497AF-0EF8-429C-B1E4-0E1A5F2EA227}
	EndGlobalSection
EndGlobal
